
Microsoft Visual Studio Solution File, Format Version 12.00
# Visual Studio Version 17
VisualStudioVersion = 17.2.32602.215
MinimumVisualStudioVersion = 10.0.40219.1
Project("{9A19103F-16F7-4668-BE54-9A1E7A4F7556}") = "PlayGround", "PlayGround\PlayGround.csproj", "{84B5D486-E92E-4832-A275-470C491F14F0}"
EndProject
Project("{9A19103F-16F7-4668-BE54-9A1E7A4F7556}") = "AsyncAwait", "AsyncAwait\AsyncAwait.csproj", "{FE817BA0-7F83-4EEA-9D3B-F5E140EE127D}"
EndProject
Project("{9A19103F-16F7-4668-BE54-9A1E7A4F7556}") = "WebApi", "..\WebApi\WebApi\WebApi.csproj", "{D6A48396-F87A-43A0-94A7-761ED5B8C0F1}"
EndProject
Project("{9A19103F-16F7-4668-BE54-9A1E7A4F7556}") = "MultiThreading", "MultiThreading\MultiThreading.csproj", "{D71C44DB-702B-462F-87EF-1E574C46CE0B}"
EndProject
Project("{FAE04EC0-301F-11D3-BF4B-00C04F79EFBC}") = "UnitTesting", "UnitTesting\UnitTesting.csproj", "{A693CB67-EB5C-4AA7-A7F7-EA73AC1886F2}"
EndProject
Global
	GlobalSection(SolutionConfigurationPlatforms) = preSolution
		Debug|Any CPU = Debug|Any CPU
		Release|Any CPU = Release|Any CPU
	EndGlobalSection
	GlobalSection(ProjectConfigurationPlatforms) = postSolution
		{84B5D486-E92E-4832-A275-470C491F14F0}.Debug|Any CPU.ActiveCfg = Debug|Any CPU
		{84B5D486-E92E-4832-A275-470C491F14F0}.Debug|Any CPU.Build.0 = Debug|Any CPU
		{84B5D486-E92E-4832-A275-470C491F14F0}.Release|Any CPU.ActiveCfg = Release|Any CPU
		{84B5D486-E92E-4832-A275-470C491F14F0}.Release|Any CPU.Build.0 = Release|Any CPU
		{FE817BA0-7F83-4EEA-9D3B-F5E140EE127D}.Debug|Any CPU.ActiveCfg = Debug|Any CPU
		{FE817BA0-7F83-4EEA-9D3B-F5E140EE127D}.Debug|Any CPU.Build.0 = Debug|Any CPU
		{FE817BA0-7F83-4EEA-9D3B-F5E140EE127D}.Release|Any CPU.ActiveCfg = Release|Any CPU
		{FE817BA0-7F83-4EEA-9D3B-F5E140EE127D}.Release|Any CPU.Build.0 = Release|Any CPU
		{D6A48396-F87A-43A0-94A7-761ED5B8C0F1}.Debug|Any CPU.ActiveCfg = Debug|Any CPU
		{D6A48396-F87A-43A0-94A7-761ED5B8C0F1}.Debug|Any CPU.Build.0 = Debug|Any CPU
		{D6A48396-F87A-43A0-94A7-761ED5B8C0F1}.Release|Any CPU.ActiveCfg = Release|Any CPU
		{D6A48396-F87A-43A0-94A7-761ED5B8C0F1}.Release|Any CPU.Build.0 = Release|Any CPU
		{D71C44DB-702B-462F-87EF-1E574C46CE0B}.Debug|Any CPU.ActiveCfg = Debug|Any CPU
		{D71C44DB-702B-462F-87EF-1E574C46CE0B}.Debug|Any CPU.Build.0 = Debug|Any CPU
		{D71C44DB-702B-462F-87EF-1E574C46CE0B}.Release|Any CPU.ActiveCfg = Release|Any CPU
		{D71C44DB-702B-462F-87EF-1E574C46CE0B}.Release|Any CPU.Build.0 = Release|Any CPU
		{A693CB67-EB5C-4AA7-A7F7-EA73AC1886F2}.Debug|Any CPU.ActiveCfg = Debug|Any CPU
		{A693CB67-EB5C-4AA7-A7F7-EA73AC1886F2}.Debug|Any CPU.Build.0 = Debug|Any CPU
		{A693CB67-EB5C-4AA7-A7F7-EA73AC1886F2}.Release|Any CPU.ActiveCfg = Release|Any CPU
		{A693CB67-EB5C-4AA7-A7F7-EA73AC1886F2}.Release|Any CPU.Build.0 = Release|Any CPU
	EndGlobalSection
	GlobalSection(SolutionProperties) = preSolution
		HideSolutionNode = FALSE
	EndGlobalSection
	GlobalSection(ExtensibilityGlobals) = postSolution
		SolutionGuid = {0AE343F4-5B4D-4FD0-8ED9-011D491F5C65}
	EndGlobalSection
EndGlobal
