
Microsoft Visual Studio Solution File, Format Version 12.00
# Visual Studio Version 17
VisualStudioVersion = 17.2.32630.192
MinimumVisualStudioVersion = 10.0.40219.1
Project("{FAE04EC0-301F-11D3-BF4B-00C04F79EFBC}") = "ConsoleApp1", "ConsoleApp1\ConsoleApp1.csproj", "{434C466F-6984-40F0-9775-907505400BEF}"
EndProject
Global
	GlobalSection(SolutionConfigurationPlatforms) = preSolution
		Debug|Any CPU = Debug|Any CPU
		Release|Any CPU = Release|Any CPU
	EndGlobalSection
	GlobalSection(ProjectConfigurationPlatforms) = postSolution
		{434C466F-6984-40F0-9775-907505400BEF}.Debug|Any CPU.ActiveCfg = Debug|Any CPU
		{434C466F-6984-40F0-9775-907505400BEF}.Debug|Any CPU.Build.0 = Debug|Any CPU
		{434C466F-6984-40F0-9775-907505400BEF}.Release|Any CPU.ActiveCfg = Release|Any CPU
		{434C466F-6984-40F0-9775-907505400BEF}.Release|Any CPU.Build.0 = Release|Any CPU
	EndGlobalSection
	GlobalSection(SolutionProperties) = preSolution
		HideSolutionNode = FALSE
	EndGlobalSection
	GlobalSection(ExtensibilityGlobals) = postSolution
		SolutionGuid = {E178F46E-C617-4F21-B178-762B21F8751C}
	EndGlobalSection
EndGlobal
